# This file is generated by running "yarn install" inside your project.
# Manual changes might be lost - proceed with caution!

__metadata:
  version: 4
  cacheKey: 7

"ansi-escapes@npm:^7.0.0":
  version: 7.2.0
  resolution: "ansi-escapes@npm:7.2.0"
  dependencies:
    environment: ^1.0.0
  checksum: d956da12b076175cd2d3739ac2002ff0db789bfa90506c2872d5911b99cb72e598f008e6a4444d230e18148efcc394b7974dfe1896d61e8c956f029221a6e8dd
  languageName: node
  linkType: hard

"ansi-regex@npm:^6.0.1":
  version: 6.2.2
  resolution: "ansi-regex@npm:6.2.2"
  checksum: 802daad7ec29b113fc6c8d126726be80175516cc065507d2061c067913156d41b12fc23d9b4b95ea32df55199d9a1b8ba1c314c2752b0cea2274e7be2ec276f9
  languageName: node
  linkType: hard

"ansi-styles@npm:^6.0.0, ansi-styles@npm:^6.2.1":
  version: 6.2.3
  resolution: "ansi-styles@npm:6.2.3"
  checksum: bd33ee53ce4171bee6145ed7eadcfdb1454a6b6ceb5a841e4ad0887c2c044db76a89ed8765959b5e1e2b93a3f932dee2f76f511f939e88643ed161b5e037bd70
  languageName: node
  linkType: hard

"braces@npm:^3.0.3":
  version: 3.0.3
  resolution: "braces@npm:3.0.3"
  dependencies:
    fill-range: ^7.1.1
  checksum: cdd64b716b3545a82d4598d095c9cabca6b1b9154142d2e89b2c3ad79f7a272037c5ef156d0532dee040302e29cc20ec1b2e02cd4a1d1347bb80f98d8ff1318d
  languageName: node
  linkType: hard

"chalk@npm:^5.4.1":
  version: 5.6.2
  resolution: "chalk@npm:5.6.2"
  checksum: a6bd97435fb90694ccf39672bc7337fb7787d26f215c34c09d5e4a2fc3178fe9beabc147c1af8ff37ed1267cae4d8d57453100e2acb25a41eda672912c6d0f0f
  languageName: node
  linkType: hard

"cli-cursor@npm:^5.0.0":
  version: 5.0.0
  resolution: "cli-cursor@npm:5.0.0"
  dependencies:
    restore-cursor: ^5.0.0
  checksum: fe2197c7d1a7f8a1ec6ef5c8664daf33d60db5596cae4284c68a5561aba87643873cc58a4f27af994fbeb7dbbca531490a3b0c275a833adad36e729ff5141bbc
  languageName: node
  linkType: hard

"cli-truncate@npm:^4.0.0":
  version: 4.0.0
  resolution: "cli-truncate@npm:4.0.0"
  dependencies:
    slice-ansi: ^5.0.0
    string-width: ^7.0.0
  checksum: 59974b83255d6931bd66bcfaba00c100e75cf17be68b41fe8f8c4c7ffd109b80a5d58a16e4d36480709aa84ceb456c0f8f80118351e5b7918555a4f6506de898
  languageName: node
  linkType: hard

"colorette@npm:^2.0.20":
  version: 2.0.20
  resolution: "colorette@npm:2.0.20"
  checksum: e61117c8ddf1787110bdb09b8a8a62ba0f2cf33330f0b9b4dbe125abc81052972df6ef829d583cb137351f0113bd4b11b8a4989508d923fa132ff8295f0bd045
  languageName: node
  linkType: hard

"commander@npm:^13.1.0":
  version: 13.1.0
  resolution: "commander@npm:13.1.0"
  checksum: d0d72d66fdb2ea48692a03ab715f547dfeed84b00b6022d759288c2edd8b20ed8421e4160d55d55964c28587ed9ae0a301914cdd29a22077a8c8d70adf3a2575
  languageName: node
  linkType: hard

"cross-spawn@npm:^7.0.3":
  version: 7.0.6
  resolution: "cross-spawn@npm:7.0.6"
  dependencies:
    path-key: ^3.1.0
    shebang-command: ^2.0.0
    which: ^2.0.1
  checksum: 932290dd6e43e196e2837d7d24abb544a8c61ef7edb62dcfa6c349d77a79547d98ad14786988707247859a94e38a56d2985b19f68a8c5f5a1639f43907b14fe6
  languageName: node
  linkType: hard

"debug@npm:^4.4.0":
  version: 4.4.3
  resolution: "debug@npm:4.4.3"
  dependencies:
    ms: ^2.1.3
  peerDependenciesMeta:
    supports-color:
      optional: true
  checksum: 70d348ff8ae30bb5d247cda08b64c0154f68e34f55ecbeb4174f97f7468778fdcfe92f2abfa68385d3d88770469dd8a51954d897a622accf6f463bcaf2286515
  languageName: node
  linkType: hard

"emoji-regex@npm:^10.3.0":
  version: 10.6.0
  resolution: "emoji-regex@npm:10.6.0"
  checksum: 916c8a2e57131da2058a55003671be4ce8a5e3e8f58293a7c8a168eafa9060f4090db2cf81a0ec7cda7ac31d34a43404b22be4f42a909c4e22bd777ea54413a4
  languageName: node
  linkType: hard

"environment@npm:^1.0.0":
  version: 1.1.0
  resolution: "environment@npm:1.1.0"
  checksum: 6b012c81288e94abfa464097890218c80998bbd21609c13382d81b6bf4bdb03af1dd58c4cd6848ad4da70fcec80dcb7fefb7675073de222489c7c533a63f3a0d
  languageName: node
  linkType: hard

"eventemitter3@npm:^5.0.1":
  version: 5.0.1
  resolution: "eventemitter3@npm:5.0.1"
  checksum: 5a593312d3769b893bcab722d3e524649f8c0c09c86c2205e7233c78c647b7ccf8b27c670f0a6a4df8be1e504908779721d422cd1cc9fb7df0a9f552d5a0b8a4
  languageName: node
  linkType: hard

"execa@npm:^8.0.1":
  version: 8.0.1
  resolution: "execa@npm:8.0.1"
  dependencies:
    cross-spawn: ^7.0.3
    get-stream: ^8.0.1
    human-signals: ^5.0.0
    is-stream: ^3.0.0
    merge-stream: ^2.0.0
    npm-run-path: ^5.1.0
    onetime: ^6.0.0
    signal-exit: ^4.1.0
    strip-final-newline: ^3.0.0
  checksum: 24a96e0fe0e0e170b0d8672859ac3621fab1523c86b8bf721f7f95a6798130bce8d57ea080c411c03ad44e775e48a27d1848003ae253c0eecc2cc8abd83c11ad
  languageName: node
  linkType: hard

"fill-range@npm:^7.1.1":
  version: 7.1.1
  resolution: "fill-range@npm:7.1.1"
  dependencies:
    to-regex-range: ^5.0.1
  checksum: 101efdfbbf3112d17683ae4c94119e8cd6e8bdba596b5a61e9c298351f876ede7355e372b50c61d3f89f6211f4018767f30acec4c26672415904aa0cc2f4677f
  languageName: node
  linkType: hard

"get-east-asian-width@npm:^1.0.0, get-east-asian-width@npm:^1.3.1":
  version: 1.4.0
  resolution: "get-east-asian-width@npm:1.4.0"
  checksum: 70bc2cd3c549129299f71ea76c44809be82b2f29eff75969b08d9caddfef55cda3d1a7afa7cdffe1b9f0ecedd1cc422cf64a9c4a79aa0a6deeeeecb43fbc64e5
  languageName: node
  linkType: hard

"get-stream@npm:^8.0.1":
  version: 8.0.1
  resolution: "get-stream@npm:8.0.1"
  checksum: e255dca1765688ade4aed345e7eb74649ade83476a1e7a4badbf795c1592a410a3df08b4e60cb6c03dd047a440be8b09722f701034d55d24720ea1b375d402b2
  languageName: node
  linkType: hard

"human-signals@npm:^5.0.0":
  version: 5.0.0
  resolution: "human-signals@npm:5.0.0"
  checksum: f8a4348760bc85bc2b673f3118afb3b8ae0b7c130b6049051bb8ca823e1ba6f110355aa17e82523645808ff3c96171c06fd620a1314a4bcdc3ec4fa00e544cd7
  languageName: node
  linkType: hard

"husky@npm:^9.1.7":
  version: 9.1.7
  resolution: "husky@npm:9.1.7"
  bin:
    husky: bin.js
  checksum: 1a68c68007cc77d508dcc360f499777d167ecb1f57435dfe93daf8641cc8bd47277305cc3cddf05e03ebcd5b3d79e02e6c11a6a52933583ce27c70be047a9b63
  languageName: node
  linkType: hard

"is-fullwidth-code-point@npm:^4.0.0":
  version: 4.0.0
  resolution: "is-fullwidth-code-point@npm:4.0.0"
  checksum: 5c55b1bf131feadb19d111f63aa9816fb6ef049ce23c7a920f3045a040d09725469f562a8fa7f16a1db2084724ed14ea7d82e6d18492ff8ef063551cd69ead25
  languageName: node
  linkType: hard

"is-fullwidth-code-point@npm:^5.0.0":
  version: 5.1.0
  resolution: "is-fullwidth-code-point@npm:5.1.0"
  dependencies:
    get-east-asian-width: ^1.3.1
  checksum: 3f166bb629cd9bc3124fea808326ee6cd0e9b1fcc6f5779362cc1fb60087c4e01bb5331f9c4a171dd7b44d40f99958850fa4198a68929c395fa4c362f52f2267
  languageName: node
  linkType: hard

"is-number@npm:^7.0.0":
  version: 7.0.0
  resolution: "is-number@npm:7.0.0"
  checksum: eec6e506c6de472af4bdfd0cc477e8aeb76f0a7066c8680fcdfed5324ee31a7d2b59d22313007c58aa80eb937f0c40eefdceedb851997d46b490b49f87160369
  languageName: node
  linkType: hard

"is-stream@npm:^3.0.0":
  version: 3.0.0
  resolution: "is-stream@npm:3.0.0"
  checksum: cfa9abcc4f14ac6e234e79cbeea8ba94edec33040d8b54e01be9c5a9ec970941329e5cfb6e62edafa799220b2b16ca65650c070edbf3f5314fb929c2e6dab219
  languageName: node
  linkType: hard

"isexe@npm:^2.0.0":
  version: 2.0.0
  resolution: "isexe@npm:2.0.0"
  checksum: 7b437980bb77881a146fba85cfbdf01edc2b148673e9c2722a1e49661fea73adf524430a80fdbfb8ce9f60d43224e682c657c45030482bd39e0c488fc29b4afe
  languageName: node
  linkType: hard

"lilconfig@npm:^3.1.3":
  version: 3.1.3
  resolution: "lilconfig@npm:3.1.3"
  checksum: 375bcb3a88c6d8e704a44e737781e1a4128456174bd0ff271402f318dcb93c272a8f7cea81ac6bfd2c54564bd9134262e04b34ea7b48eb2a563fd395af5d5347
  languageName: node
  linkType: hard

"lint-staged@npm:^15.3.0":
  version: 15.5.2
  resolution: "lint-staged@npm:15.5.2"
  dependencies:
    chalk: ^5.4.1
    commander: ^13.1.0
    debug: ^4.4.0
    execa: ^8.0.1
    lilconfig: ^3.1.3
    listr2: ^8.2.5
    micromatch: ^4.0.8
    pidtree: ^0.6.0
    string-argv: ^0.3.2
    yaml: ^2.7.0
  bin:
    lint-staged: bin/lint-staged.js
  checksum: 0d239ab3d19785e80d91b71b08ea65f3078b8d79ff6d79dccf50c00ce0f17463e0c75087bbd3b8b999be26d374b75d37d2433aa338f36231a63412911e294abd
  languageName: node
  linkType: hard

"listr2@npm:^8.2.5":
  version: 8.3.3
  resolution: "listr2@npm:8.3.3"
  dependencies:
    cli-truncate: ^4.0.0
    colorette: ^2.0.20
    eventemitter3: ^5.0.1
    log-update: ^6.1.0
    rfdc: ^1.4.1
    wrap-ansi: ^9.0.0
  checksum: a017b2cbbc80e1e8c8dc2e6dfa6fc1d9ed6aa37a091d23b4325c5fbae699beccf2d158a4bd267f74488dcbf0a97d300ad4dbf82c71c95865a346642decfee9eb
  languageName: node
  linkType: hard

"log-update@npm:^6.1.0":
  version: 6.1.0
  resolution: "log-update@npm:6.1.0"
  dependencies:
    ansi-escapes: ^7.0.0
    cli-cursor: ^5.0.0
    slice-ansi: ^7.1.0
    strip-ansi: ^7.1.0
    wrap-ansi: ^9.0.0
  checksum: 13e6db2aaef233d751e5115a9b1fe47fad93465fea6110f591298b59d9bd964f585105819578de358f070f71f4713836ab6d72690be292bd9e9b390f79145bea
  languageName: node
  linkType: hard

"merge-stream@npm:^2.0.0":
  version: 2.0.0
  resolution: "merge-stream@npm:2.0.0"
  checksum: cde834809a0e65485e474de3162af9853ab2a07977fd36d328947b7b3e6207df719ffb115b11085ecc570501e15a2aa8bacd772ac53f77873f53b0626e52a39a
  languageName: node
  linkType: hard

"micromatch@npm:^4.0.8":
  version: 4.0.8
  resolution: "micromatch@npm:4.0.8"
  dependencies:
    braces: ^3.0.3
    picomatch: ^2.3.1
  checksum: fcd1ab59af72f86df455b60799f41424794f9afa8503f0e1dc51793780c4b373195c6f36b76c796f6b2405deaaaa7e68240138334648518d4f89ec87d4afdfaa
  languageName: node
  linkType: hard

"mimic-fn@npm:^4.0.0":
  version: 4.0.0
  resolution: "mimic-fn@npm:4.0.0"
  checksum: c8f6f3880c29ac88c24d6e0b0028668dc8cefda726ff4a0b0562194d632a36c977926cb6b842415877f44d0496633f368c5e4659d0f0499d349468540dfeb985
  languageName: node
  linkType: hard

"mimic-function@npm:^5.0.0":
  version: 5.0.1
  resolution: "mimic-function@npm:5.0.1"
  checksum: b6b71347050c2ef629ff3f03242650be603dfdd31fa4e787819959d51d5208de8d4415eff3fdc0d2f50d3cc4177f65ab65957d72393f5442d2259e113257906d
  languageName: node
  linkType: hard

"ms@npm:^2.1.3":
  version: 2.1.3
  resolution: "ms@npm:2.1.3"
  checksum: 6e721e648a544154d5de4c114b32f573d8027ca8ec505cf6c1105e505986d6ac46934a1256735aa0eece8eb2f5b2a1230503b2dddd3b100f9f016fd8a4f15f33
  languageName: node
  linkType: hard

"npm-run-path@npm:^5.1.0":
  version: 5.3.0
  resolution: "npm-run-path@npm:5.3.0"
  dependencies:
    path-key: ^4.0.0
  checksum: eed81ccf2c062864efda3f81fd25ad4bc2893994999771b828acad43c2bf2d7eab896cfa0525541a484e289b8a445f5d0536e463dfaa932414583a9c5cc453ae
  languageName: node
  linkType: hard

"onetime@npm:^6.0.0":
  version: 6.0.0
  resolution: "onetime@npm:6.0.0"
  dependencies:
    mimic-fn: ^4.0.0
  checksum: feb483e95adc1d2669ebf00d66e089eef9b17a9690e43b69766ba121cd6051c482556ff890c383e335b11456e47af130cf6e8ef5889e72e963b187579f64410f
  languageName: node
  linkType: hard

"onetime@npm:^7.0.0":
  version: 7.0.0
  resolution: "onetime@npm:7.0.0"
  dependencies:
    mimic-function: ^5.0.0
  checksum: 8aef3f9f3f4df43c7fb8b87b4c179ab18998ef54a15e1cea38d95c4e47afd337f82b509bee66203b9624fcd945d0fcf46752646fbda63af0778a20f73ddb5268
  languageName: node
  linkType: hard

"path-key@npm:^3.1.0":
  version: 3.1.1
  resolution: "path-key@npm:3.1.1"
  checksum: e44aa3ca9faed0440994883050143b1214fffb907bf3a7bbdba15dc84f60821617c0d84e4cc74e1d84e9274003da50427f54d739b0b47636bcbaff4ec71b9b86
  languageName: node
  linkType: hard

"path-key@npm:^4.0.0":
  version: 4.0.0
  resolution: "path-key@npm:4.0.0"
  checksum: 3808ac788e6dd621edaa2e2b8ca837a56e4702fd74514f5560477f848f5dcb7d990a5bc579b3f1990f239c0c18c61dfe8a820d8c073b2333101d4e2541538e71
  languageName: node
  linkType: hard

"picomatch@npm:^2.3.1":
  version: 2.3.1
  resolution: "picomatch@npm:2.3.1"
  checksum: 5e3bbbf6a7356e1f029754112803187564a81768718393782d73b8be2c7b2055316ed200e7ca989fae7a794348afbc17da93fa760930bcbfa4ab2c8abb781587
  languageName: node
  linkType: hard

"pidtree@npm:^0.6.0":
  version: 0.6.0
  resolution: "pidtree@npm:0.6.0"
  bin:
    pidtree: ./bin/pidtree.js
  checksum: 50f558185050d1db801eadaad24fe69a42e845ce156dab890a80a43a8a9732720d7d3a83ecd0d6250faff25ea3134c1dd7bfc3dfdd90fc479e7f7ff01301e2fe
  languageName: node
  linkType: hard

"restore-cursor@npm:^5.0.0":
  version: 5.1.0
  resolution: "restore-cursor@npm:5.1.0"
  dependencies:
    onetime: ^7.0.0
    signal-exit: ^4.1.0
  checksum: 2e7ef3aa800e8cbdf199c9f401739eb0660023f3f790be038f28566cc32108c15388bb91bead541d78d139d012ea10ef14ee246652ee75fa067cdb8b4f8fb074
  languageName: node
  linkType: hard

"rfdc@npm:^1.4.1":
  version: 1.4.1
  resolution: "rfdc@npm:1.4.1"
  checksum: 2bd5c3e1c4670b23123b959fa0a15737b069433479b28029ebb24d56f95afc67082668e1f90e13af9cb399f724a5dbe554c65d37906f03150cbc2553f17d22b2
  languageName: node
  linkType: hard

"root-workspace-0b6124@workspace:.":
  version: 0.0.0-use.local
  resolution: "root-workspace-0b6124@workspace:."
  dependencies:
    husky: ^9.1.7
    lint-staged: ^15.3.0
  languageName: unknown
  linkType: soft

"shebang-command@npm:^2.0.0":
  version: 2.0.0
  resolution: "shebang-command@npm:2.0.0"
  dependencies:
    shebang-regex: ^3.0.0
  checksum: 85aa394d8cedeedf2e03524d6defef67a2b07d3a17d7ee50d4281d62d3fca898f26ebe7aa7bf674d51b80f197aa1d346bc1a10e8efb04377b534f4322c621012
  languageName: node
  linkType: hard

"shebang-regex@npm:^3.0.0":
  version: 3.0.0
  resolution: "shebang-regex@npm:3.0.0"
  checksum: ea18044ffaf18129ced5a246660a9171a7dff98999aaa9de8abb237d8a7711d8a1f76e16881399994ee429156717ce1c6a50c665bb18a4d55a7f80b9125b1f7d
  languageName: node
  linkType: hard

"signal-exit@npm:^4.1.0":
  version: 4.1.0
  resolution: "signal-exit@npm:4.1.0"
  checksum: a9175b069799538f7c4a176175e7a99db8efd1dc46d1bb5cb6143aa50f3dfe424a8adcbe602826ece6d823e825ae409b909bec838fb99c8d6a5d5255b88a3186
  languageName: node
  linkType: hard

"slice-ansi@npm:^5.0.0":
  version: 5.0.0
  resolution: "slice-ansi@npm:5.0.0"
  dependencies:
    ansi-styles: ^6.0.0
    is-fullwidth-code-point: ^4.0.0
  checksum: 4d1489be2b99f9343864eb0d2e605202550131ea77bc9f8260ff1cf441d5d46e719783d3eb2509762bfd489472516bccfd4a43c0b2b6f5f53b2f5d191eb00e7a
  languageName: node
  linkType: hard

"slice-ansi@npm:^7.1.0":
  version: 7.1.2
  resolution: "slice-ansi@npm:7.1.2"
  dependencies:
    ansi-styles: ^6.2.1
    is-fullwidth-code-point: ^5.0.0
  checksum: d3eca85470b41c145454cb5c9baaecd236bc8fa189fbad384843a70fff349140d802ce793936ee106abf4d7cb00165aa29b7c29078d2448d3dea3b88ef5bd317
  languageName: node
  linkType: hard

"string-argv@npm:^0.3.2":
  version: 0.3.2
  resolution: "string-argv@npm:0.3.2"
  checksum: dee1c3ebf45163ce38c9c1c28405f2e2dbc380a11c47b0d2390f886e62b7639ca9a733f6242c3ef6858cd3dbd64ee9840ddcff6bfd9087804787723a52b01c6d
  languageName: node
  linkType: hard

"string-width@npm:^7.0.0":
  version: 7.2.0
  resolution: "string-width@npm:7.2.0"
  dependencies:
    emoji-regex: ^10.3.0
    get-east-asian-width: ^1.0.0
    strip-ansi: ^7.1.0
  checksum: ee7246d038a0e6dcd799d395f222f7285b7ff3c172ffaa45dc43069e1d98907e81da17b80bd6a525bd762253c116b51522133250e0a38297a80a43d5ceca57f8
  languageName: node
  linkType: hard

"strip-ansi@npm:^7.1.0":
  version: 7.1.2
  resolution: "strip-ansi@npm:7.1.2"
  dependencies:
    ansi-regex: ^6.0.1
  checksum: 96b1299815216e5cfd1c5cd4189e2496889486c828a403e9d8603e4062a554f9a978665fd8f8c4f7dc8b1cf29cc45a297295df08e8a339dd52885c60a67e9f5e
  languageName: node
  linkType: hard

"strip-final-newline@npm:^3.0.0":
  version: 3.0.0
  resolution: "strip-final-newline@npm:3.0.0"
  checksum: 3aec076f8c58e1481d4457282b894b0d9af3f13acfdc5ffa9338b653fb83e3d2e3de52bc737edf8e913ce1350bcd9525b8a4f0d77e6f8ad8ae0c1b0313757073
  languageName: node
  linkType: hard

"to-regex-range@npm:^5.0.1":
  version: 5.0.1
  resolution: "to-regex-range@npm:5.0.1"
  dependencies:
    is-number: ^7.0.0
  checksum: 2b6001e314e4998a07137c197e333fac2f86d46d0593da90b678ae64e2daa07274b508f83cca09e6b3504cdf222497dcb5b7daceb6dc13a9a8872f58a27db907
  languageName: node
  linkType: hard

"which@npm:^2.0.1":
  version: 2.0.2
  resolution: "which@npm:2.0.2"
  dependencies:
    isexe: ^2.0.0
  bin:
    node-which: ./bin/node-which
  checksum: ea9b1db1266b08f7880717cf70dd9012dd523e5a317f10fbe4d5e8c1a761c5fd237f88642f2ba33b23f973ff4002c9b26648d63084ab208d8ecef36497315f6e
  languageName: node
  linkType: hard

"wrap-ansi@npm:^9.0.0":
  version: 9.0.2
  resolution: "wrap-ansi@npm:9.0.2"
  dependencies:
    ansi-styles: ^6.2.1
    string-width: ^7.0.0
    strip-ansi: ^7.1.0
  checksum: c98f1c8ed3704fab535ce60535328736bc40b3ab0a06a79bff6fc68177e16fcadd4aeb293a6c18b66d7b22e912625fb81a8543e91953cae45157be5e80fbbf8e
  languageName: node
  linkType: hard

"yaml@npm:^2.7.0":
  version: 2.8.1
  resolution: "yaml@npm:2.8.1"
  bin:
    yaml: ./bin.mjs
  checksum: 01fabeafac00a1675e9ab273c62607ade43753ffcc3d7946fd95a680354bf20106bfaac542b4a1a7f022b695a10f10a0d480f647b78609c07c3bceeb87c086a0
  languageName: node
  linkType: hard
